// !$*UTF8*$!
{
	archiveVersion = 1;
	classes = {
	};
	objectVersion = 46;
	objects = {

/* Begin PBXBuildFile section */
		93F2C1BC1ABE7F590009EB88 /* AppDelegate.swift in Sources */ = {isa = PBXBuildFile; fileRef = 93F2C1BB1ABE7F590009EB88 /* AppDelegate.swift */; };
		93F2C1BE1ABE7F590009EB88 /* ViewController.swift in Sources */ = {isa = PBXBuildFile; fileRef = 93F2C1BD1ABE7F590009EB88 /* ViewController.swift */; };
		93F2C1C11ABE7F590009EB88 /* Main.storyboard in Resources */ = {isa = PBXBuildFile; fileRef = 93F2C1BF1ABE7F590009EB88 /* Main.storyboard */; };
		93F2C1C31ABE7F590009EB88 /* Images.xcassets in Resources */ = {isa = PBXBuildFile; fileRef = 93F2C1C21ABE7F590009EB88 /* Images.xcassets */; };
		93F2C1C61ABE7F590009EB88 /* LaunchScreen.xib in Resources */ = {isa = PBXBuildFile; fileRef = 93F2C1C41ABE7F590009EB88 /* LaunchScreen.xib */; };
		93F2C1D21ABE7F590009EB88 /* TaskItTests.swift in Sources */ = {isa = PBXBuildFile; fileRef = 93F2C1D11ABE7F590009EB88 /* TaskItTests.swift */; };
/* End PBXBuildFile section */

/* Begin PBXContainerItemProxy section */
		93F2C1CC1ABE7F590009EB88 /* PBXContainerItemProxy */ = {
			isa = PBXContainerItemProxy;
			containerPortal = 93F2C1AE1ABE7F590009EB88 /* Project object */;
			proxyType = 1;
			remoteGlobalIDString = 93F2C1B51ABE7F590009EB88;
			remoteInfo = TaskIt;
		};
/* End PBXContainerItemProxy section */

/* Begin PBXFileReference section */
		93F2C1B61ABE7F590009EB88 /* TaskIt.app */ = {isa = PBXFileReference; explicitFileType = wrapper.application; includeInIndex = 0; path = TaskIt.app; sourceTree = BUILT_PRODUCTS_DIR; };
		93F2C1BA1ABE7F590009EB88 /* Info.plist */ = {isa = PBXFileReference; lastKnownFileType = text.plist.xml; path = Info.plist; sourceTree = "<group>"; };
		93F2C1BB1ABE7F590009EB88 /* AppDelegate.swift */ = {isa = PBXFileReference; lastKnownFileType = sourcecode.swift; path = AppDelegate.swift; sourceTree = "<group>"; };
		93F2C1BD1ABE7F590009EB88 /* ViewController.swift */ = {isa = PBXFileReference; lastKnownFileType = sourcecode.swift; path = ViewController.swift; sourceTree = "<group>"; };
		93F2C1C01ABE7F590009EB88 /* Base */ = {isa = PBXFileReference; lastKnownFileType = file.storyboard; name = Base; path = Base.lproj/Main.storyboard; sourceTree = "<group>"; };
		93F2C1C21ABE7F590009EB88 /* Images.xcassets */ = {isa = PBXFileReference; lastKnownFileType = folder.assetcatalog; path = Images.xcassets; sourceTree = "<group>"; };
		93F2C1C51ABE7F590009EB88 /* Base */ = {isa = PBXFileReference; lastKnownFileType = file.xib; name = Base; path = Base.lproj/LaunchScreen.xib; sourceTree = "<group>"; };
		93F2C1CB1ABE7F590009EB88 /* TaskItTests.xctest */ = {isa = PBXFileReference; explicitFileType = wrapper.cfbundle; includeInIndex = 0; path = TaskItTests.xctest; sourceTree = BUILT_PRODUCTS_DIR; };
		93F2C1D01ABE7F590009EB88 /* Info.plist */ = {isa = PBXFileReference; lastKnownFileType = text.plist.xml; path = Info.plist; sourceTree = "<group>"; };
		93F2C1D11ABE7F590009EB88 /* TaskItTests.swift */ = {isa = PBXFileReference; lastKnownFileType = sourcecode.swift; path = TaskItTests.swift; sourceTree = "<group>"; };
/* End PBXFileReference section */

/* Begin PBXFrameworksBuildPhase section */
		93F2C1B31ABE7F590009EB88 /* Frameworks */ = {
			isa = PBXFrameworksBuildPhase;
			buildActionMask = 2147483647;
			files = (
			);
			runOnlyForDeploymentPostprocessing = 0;
		};
		93F2C1C81ABE7F590009EB88 /* Frameworks */ = {
			isa = PBXFrameworksBuildPhase;
			buildActionMask = 2147483647;
			files = (
			);
			runOnlyForDeploymentPostprocessing = 0;
		};
/* End PBXFrameworksBuildPhase section */

/* Begin PBXGroup section */
		93F2C1AD1ABE7F590009EB88 = {
			isa = PBXGroup;
			children = (
				93F2C1B81ABE7F590009EB88 /* TaskIt */,
				93F2C1CE1ABE7F590009EB88 /* TaskItTests */,
				93F2C1B71ABE7F590009EB88 /* Products */,
			);
			sourceTree = "<group>";
		};
		93F2C1B71ABE7F590009EB88 /* Products */ = {
			isa = PBXGroup;
			children = (
				93F2C1B61ABE7F590009EB88 /* TaskIt.app */,
				93F2C1CB1ABE7F590009EB88 /* TaskItTests.xctest */,
			);
			name = Products;
			sourceTree = "<group>";
		};
		93F2C1B81ABE7F590009EB88 /* TaskIt */ = {
			isa = PBXGroup;
			children = (
				93F2C1BB1ABE7F590009EB88 /* AppDelegate.swift */,
				93F2C1BD1ABE7F590009EB88 /* ViewController.swift */,
				93F2C1BF1ABE7F590009EB88 /* Main.storyboard */,
				93F2C1C21ABE7F590009EB88 /* Images.xcassets */,
				93F2C1C41ABE7F590009EB88 /* LaunchScreen.xib */,
				93F2C1B91ABE7F590009EB88 /* Supporting Files */,
			);
			path = TaskIt;
			sourceTree = "<group>";
		};
		93F2C1B91ABE7F590009EB88 /* Supporting Files */ = {
			isa = PBXGroup;
			children = (
				93F2C1BA1ABE7F590009EB88 /* Info.plist */,
			);
			name = "Supporting Files";
			sourceTree = "<group>";
		};
		93F2C1CE1ABE7F590009EB88 /* TaskItTests */ = {
			isa = PBXGroup;
			children = (
				93F2C1D11ABE7F590009EB88 /* TaskItTests.swift */,
				93F2C1CF1ABE7F590009EB88 /* Supporting Files */,
			);
			path = TaskItTests;
			sourceTree = "<group>";
		};
		93F2C1CF1ABE7F590009EB88 /* Supporting Files */ = {
			isa = PBXGroup;
			children = (
				93F2C1D01ABE7F590009EB88 /* Info.plist */,
			);
			name = "Supporting Files";
			sourceTree = "<group>";
		};
/* End PBXGroup section */

/* Begin PBXNativeTarget section */
		93F2C1B51ABE7F590009EB88 /* TaskIt */ = {
			isa = PBXNativeTarget;
			buildConfigurationList = 93F2C1D51ABE7F590009EB88 /* Build configuration list for PBXNativeTarget "TaskIt" */;
			buildPhases = (
				93F2C1B21ABE7F590009EB88 /* Sources */,
				93F2C1B31ABE7F590009EB88 /* Frameworks */,
				93F2C1B41ABE7F590009EB88 /* Resources */,
			);
			buildRules = (
			);
			dependencies = (
			);
			name = TaskIt;
			productName = TaskIt;
			productReference = 93F2C1B61ABE7F590009EB88 /* TaskIt.app */;
			productType = "com.apple.product-type.application";
		};
		93F2C1CA1ABE7F590009EB88 /* TaskItTests */ = {
			isa = PBXNativeTarget;
			buildConfigurationList = 93F2C1D81ABE7F590009EB88 /* Build configuration list for PBXNativeTarget "TaskItTests" */;
			buildPhases = (
				93F2C1C71ABE7F590009EB88 /* Sources */,
				93F2C1C81ABE7F590009EB88 /* Frameworks */,
				93F2C1C91ABE7F590009EB88 /* Resources */,
			);
			buildRules = (
			);
			dependencies = (
				93F2C1CD1ABE7F590009EB88 /* PBXTargetDependency */,
			);
			name = TaskItTests;
			productName = TaskItTests;
			productReference = 93F2C1CB1ABE7F590009EB88 /* TaskItTests.xctest */;
			productType = "com.apple.product-type.bundle.unit-test";
		};
/* End PBXNativeTarget section */

/* Begin PBXProject section */
		93F2C1AE1ABE7F590009EB88 /* Project object */ = {
			isa = PBXProject;
			attributes = {
				LastUpgradeCheck = 0620;
				ORGANIZATIONNAME = "Sidecar Games";
				TargetAttributes = {
					93F2C1B51ABE7F590009EB88 = {
						CreatedOnToolsVersion = 6.2;
					};
					93F2C1CA1ABE7F590009EB88 = {
						CreatedOnToolsVersion = 6.2;
						TestTargetID = 93F2C1B51ABE7F590009EB88;
					};
				};
			};
			buildConfigurationList = 93F2C1B11ABE7F590009EB88 /* Build configuration list for PBXProject "TaskIt" */;
			compatibilityVersion = "Xcode 3.2";
			developmentRegion = English;
			hasScannedForEncodings = 0;
			knownRegions = (
				en,
				Base,
			);
			mainGroup = 93F2C1AD1ABE7F590009EB88;
			productRefGroup = 93F2C1B71ABE7F590009EB88 /* Products */;
			projectDirPath = "";
			projectRoot = "";
			targets = (
				93F2C1B51ABE7F590009EB88 /* TaskIt */,
				93F2C1CA1ABE7F590009EB88 /* TaskItTests */,
			);
		};
/* End PBXProject section */

/* Begin PBXResourcesBuildPhase section */
		93F2C1B41ABE7F590009EB88 /* Resources */ = {
			isa = PBXResourcesBuildPhase;
			buildActionMask = 2147483647;
			files = (
				93F2C1C11ABE7F590009EB88 /* Main.storyboard in Resources */,
				93F2C1C61ABE7F590009EB88 /* LaunchScreen.xib in Resources */,
				93F2C1C31ABE7F590009EB88 /* Images.xcassets in Resources */,
			);
			runOnlyForDeploymentPostprocessing = 0;
		};
		93F2C1C91ABE7F590009EB88 /* Resources */ = {
			isa = PBXResourcesBuildPhase;
			buildActionMask = 2147483647;
			files = (
			);
			runOnlyForDeploymentPostprocessing = 0;
		};
/* End PBXResourcesBuildPhase section */

/* Begin PBXSourcesBuildPhase section */
		93F2C1B21ABE7F590009EB88 /* Sources */ = {
			isa = PBXSourcesBuildPhase;
			buildActionMask = 2147483647;
			files = (
				93F2C1BE1ABE7F590009EB88 /* ViewController.swift in Sources */,
				93F2C1BC1ABE7F590009EB88 /* AppDelegate.swift in Sources */,
			);
			runOnlyForDeploymentPostprocessing = 0;
		};
		93F2C1C71ABE7F590009EB88 /* Sources */ = {
			isa = PBXSourcesBuildPhase;
			buildActionMask = 2147483647;
			files = (
				93F2C1D21ABE7F590009EB88 /* TaskItTests.swift in Sources */,
			);
			runOnlyForDeploymentPostprocessing = 0;
		};
/* End PBXSourcesBuildPhase section */

/* Begin PBXTargetDependency section */
		93F2C1CD1ABE7F590009EB88 /* PBXTargetDependency */ = {
			isa = PBXTargetDependency;
			target = 93F2C1B51ABE7F590009EB88 /* TaskIt */;
			targetProxy = 93F2C1CC1ABE7F590009EB88 /* PBXContainerItemProxy */;
		};
/* End PBXTargetDependency section */

/* Begin PBXVariantGroup section */
		93F2C1BF1ABE7F590009EB88 /* Main.storyboard */ = {
			isa = PBXVariantGroup;
			children = (
				93F2C1C01ABE7F590009EB88 /* Base */,
			);
			name = Main.storyboard;
			sourceTree = "<group>";
		};
		93F2C1C41ABE7F590009EB88 /* LaunchScreen.xib */ = {
			isa = PBXVariantGroup;
			children = (
				93F2C1C51ABE7F590009EB88 /* Base */,
			);
			name = LaunchScreen.xib;
			sourceTree = "<group>";
		};
/* End PBXVariantGroup section */

/* Begin XCBuildConfiguration section */
		93F2C1D31ABE7F590009EB88 /* Debug */ = {
			isa = XCBuildConfiguration;
			buildSettings = {
				ALWAYS_SEARCH_USER_PATHS = NO;
				CLANG_CXX_LANGUAGE_STANDARD = "gnu++0x";
				CLANG_CXX_LIBRARY = "libc++";
				CLANG_ENABLE_MODULES = YES;
				CLANG_ENABLE_OBJC_ARC = YES;
				CLANG_WARN_BOOL_CONVERSION = YES;
				CLANG_WARN_CONSTANT_CONVERSION = YES;
				CLANG_WARN_DIRECT_OBJC_ISA_USAGE = YES_ERROR;
				CLANG_WARN_EMPTY_BODY = YES;
				CLANG_WARN_ENUM_CONVERSION = YES;
				CLANG_WARN_INT_CONVERSION = YES;
				CLANG_WARN_OBJC_ROOT_CLASS = YES_ERROR;
				CLANG_WARN_UNREACHABLE_CODE = YES;
				CLANG_WARN__DUPLICATE_METHOD_MATCH = YES;
				"CODE_SIGN_IDENTITY[sdk=iphoneos*]" = "iPhone Developer";
				COPY_PHASE_STRIP = NO;
				ENABLE_STRICT_OBJC_MSGSEND = YES;
				GCC_C_LANGUAGE_STANDARD = gnu99;
				GCC_DYNAMIC_NO_PIC = NO;
				GCC_OPTIMIZATION_LEVEL = 0;
				GCC_PREPROCESSOR_DEFINITIONS = (
					"DEBUG=1",
					"$(inherited)",
				);
				GCC_SYMBOLS_PRIVATE_EXTERN = NO;
				GCC_WARN_64_TO_32_BIT_CONVERSION = YES;
				GCC_WARN_ABOUT_RETURN_TYPE = YES_ERROR;
				GCC_WARN_UNDECLARED_SELECTOR = YES;
				GCC_WARN_UNINITIALIZED_AUTOS = YES_AGGRESSIVE;
				GCC_WARN_UNUSED_FUNCTION = YES;
				GCC_WARN_UNUSED_VARIABLE = YES;
				IPHONEOS_DEPLOYMENT_TARGET = 8.2;
				MTL_ENABLE_DEBUG_INFO = YES;
				ONLY_ACTIVE_ARCH = YES;
				SDKROOT = iphoneos;
				SWIFT_OPTIMIZATION_LEVEL = "-Onone";
				TARGETED_DEVICE_FAMILY = "1,2";
			};
			name = Debug;
		};
		93F2C1D41ABE7F590009EB88 /* Release */ = {
			isa = XCBuildConfiguration;
			buildSettings = {
				ALWAYS_SEARCH_USER_PATHS = NO;
				CLANG_CXX_LANGUAGE_STANDARD = "gnu++0x";
				CLANG_CXX_LIBRARY = "libc++";
				CLANG_ENABLE_MODULES = YES;
				CLANG_ENABLE_OBJC_ARC = YES;
				CLANG_WARN_BOOL_CONVERSION = YES;
				CLANG_WARN_CONSTANT_CONVERSION = YES;
				CLANG_WARN_DIRECT_OBJC_ISA_USAGE = YES_ERROR;
				CLANG_WARN_EMPTY_BODY = YES;
				CLANG_WARN_ENUM_CONVERSION = YES;
				CLANG_WARN_INT_CONVERSION = YES;
				CLANG_WARN_OBJC_ROOT_CLASS = YES_ERROR;
				CLANG_WARN_UNREACHABLE_CODE = YES;
				CLANG_WARN__DUPLICATE_METHOD_MATCH = YES;
				"CODE_SIGN_IDENTITY[sdk=iphoneos*]" = "iPhone Developer";
				COPY_PHASE_STRIP = NO;
				ENABLE_NS_ASSERTIONS = NO;
				ENABLE_STRICT_OBJC_MSGSEND = YES;
				GCC_C_LANGUAGE_STANDARD = gnu99;
				GCC_WARN_64_TO_32_BIT_CONVERSION = YES;
				GCC_WARN_ABOUT_RETURN_TYPE = YES_ERROR;
				GCC_WARN_UNDECLARED_SELECTOR = YES;
				GCC_WARN_UNINITIALIZED_AUTOS = YES_AGGRESSIVE;
				GCC_WARN_UNUSED_FUNCTION = YES;
				GCC_WARN_UNUSED_VARIABLE = YES;
				IPHONEOS_DEPLOYMENT_TARGET = 8.2;
				MTL_ENABLE_DEBUG_INFO = NO;
				SDKROOT = iphoneos;
				TARGETED_DEVICE_FAMILY = "1,2";
				VALIDATE_PRODUCT = YES;
			};
			name = Release;
		};
		93F2C1D61ABE7F590009EB88 /* Debug */ = {
			isa = XCBuildConfiguration;
			buildSettings = {
				ASSETCATALOG_COMPILER_APPICON_NAME = AppIcon;
				INFOPLIST_FILE = TaskIt/Info.plist;
				LD_RUNPATH_SEARCH_PATHS = "$(inherited) @executable_path/Frameworks";
				PRODUCT_NAME = "$(TARGET_NAME)";
			};
			name = Debug;
		};
		93F2C1D71ABE7F590009EB88 /* Release */ = {
			isa = XCBuildConfiguration;
			buildSettings = {
				ASSETCATALOG_COMPILER_APPICON_NAME = AppIcon;
				INFOPLIST_FILE = TaskIt/Info.plist;
				LD_RUNPATH_SEARCH_PATHS = "$(inherited) @executable_path/Frameworks";
				PRODUCT_NAME = "$(TARGET_NAME)";
			};
			name = Release;
		};
		93F2C1D91ABE7F590009EB88 /* Debug */ = {
			isa = XCBuildConfiguration;
			buildSettings = {
				BUNDLE_LOADER = "$(TEST_HOST)";
				FRAMEWORK_SEARCH_PATHS = (
					"$(SDKROOT)/Developer/Library/Frameworks",
					"$(inherited)",
				);
				GCC_PREPROCESSOR_DEFINITIONS = (
					"DEBUG=1",
					"$(inherited)",
				);
				INFOPLIST_FILE = TaskItTests/Info.plist;
				LD_RUNPATH_SEARCH_PATHS = "$(inherited) @executable_path/Frameworks @loader_path/Frameworks";
				PRODUCT_NAME = "$(TARGET_NAME)";
				TEST_HOST = "$(BUILT_PRODUCTS_DIR)/TaskIt.app/TaskIt";
			};
			name = Debug;
		};
		93F2C1DA1ABE7F590009EB88 /* Release */ = {
			isa = XCBuildConfiguration;
			buildSettings = {
				BUNDLE_LOADER = "$(TEST_HOST)";
				FRAMEWORK_SEARCH_PATHS = (
					"$(SDKROOT)/Developer/Library/Frameworks",
					"$(inherited)",
				);
				INFOPLIST_FILE = TaskItTests/Info.plist;
				LD_RUNPATH_SEARCH_PATHS = "$(inherited) @executable_path/Frameworks @loader_path/Frameworks";
				PRODUCT_NAME = "$(TARGET_NAME)";
				TEST_HOST = "$(BUILT_PRODUCTS_DIR)/TaskIt.app/TaskIt";
			};
			name = Release;
		};
/* End XCBuildConfiguration section */

/* Begin XCConfigurationList section */
		93F2C1B11ABE7F590009EB88 /* Build configuration list for PBXProject "TaskIt" */ = {
			isa = XCConfigurationList;
			buildConfigurations = (
				93F2C1D31ABE7F590009EB88 /* Debug */,
				93F2C1D41ABE7F590009EB88 /* Release */,
			);
			defaultConfigurationIsVisible = 0;
			defaultConfigurationName = Release;
		};
		93F2C1D51ABE7F590009EB88 /* Build configuration list for PBXNativeTarget "TaskIt" */ = {
			isa = XCConfigurationList;
			buildConfigurations = (
				93F2C1D61ABE7F590009EB88 /* Debug */,
				93F2C1D71ABE7F590009EB88 /* Release */,
			);
			defaultConfigurationIsVisible = 0;
		};
		93F2C1D81ABE7F590009EB88 /* Build configuration list for PBXNativeTarget "TaskItTests" */ = {
			isa = XCConfigurationList;
			buildConfigurations = (
				93F2C1D91ABE7F590009EB88 /* Debug */,
				93F2C1DA1ABE7F590009EB88 /* Release */,
			);
			defaultConfigurationIsVisible = 0;
		};
/* End XCConfigurationList section */
	};
	rootObject = 93F2C1AE1ABE7F590009EB88 /* Project object */;
}
